
Microsoft Visual Studio Solution File, Format Version 12.00
# Visual Studio Version 17
VisualStudioVersion = 17.6.33815.320
MinimumVisualStudioVersion = 10.0.40219.1
Project("{9A19103F-16F7-4668-BE54-9A1E7A4F7556}") = "Base.API", "Base.API\Base.API.csproj", "{DB563A64-C9A3-494C-8186-9E20D6E48160}"
EndProject
Project("{9A19103F-16F7-4668-BE54-9A1E7A4F7556}") = "Base.Shared", "Base.Shared\Base.Shared.csproj", "{B71A78DC-BB52-4DD7-A942-98F5370C34E6}"
EndProject
Project("{9A19103F-16F7-4668-BE54-9A1E7A4F7556}") = "Base.APP", "Base.App\Base.APP.csproj", "{D07490C2-A3E4-4695-98B8-D37953AE5CD1}"
EndProject
Global
	GlobalSection(SolutionConfigurationPlatforms) = preSolution
		Debug|Any CPU = Debug|Any CPU
		Release|Any CPU = Release|Any CPU
	EndGlobalSection
	GlobalSection(ProjectConfigurationPlatforms) = postSolution
		{DB563A64-C9A3-494C-8186-9E20D6E48160}.Debug|Any CPU.ActiveCfg = Debug|Any CPU
		{DB563A64-C9A3-494C-8186-9E20D6E48160}.Debug|Any CPU.Build.0 = Debug|Any CPU
		{DB563A64-C9A3-494C-8186-9E20D6E48160}.Release|Any CPU.ActiveCfg = Release|Any CPU
		{DB563A64-C9A3-494C-8186-9E20D6E48160}.Release|Any CPU.Build.0 = Release|Any CPU
		{B71A78DC-BB52-4DD7-A942-98F5370C34E6}.Debug|Any CPU.ActiveCfg = Debug|Any CPU
		{B71A78DC-BB52-4DD7-A942-98F5370C34E6}.Debug|Any CPU.Build.0 = Debug|Any CPU
		{B71A78DC-BB52-4DD7-A942-98F5370C34E6}.Release|Any CPU.ActiveCfg = Release|Any CPU
		{B71A78DC-BB52-4DD7-A942-98F5370C34E6}.Release|Any CPU.Build.0 = Release|Any CPU
		{D07490C2-A3E4-4695-98B8-D37953AE5CD1}.Debug|Any CPU.ActiveCfg = Debug|Any CPU
		{D07490C2-A3E4-4695-98B8-D37953AE5CD1}.Debug|Any CPU.Build.0 = Debug|Any CPU
		{D07490C2-A3E4-4695-98B8-D37953AE5CD1}.Release|Any CPU.ActiveCfg = Release|Any CPU
		{D07490C2-A3E4-4695-98B8-D37953AE5CD1}.Release|Any CPU.Build.0 = Release|Any CPU
	EndGlobalSection
	GlobalSection(SolutionProperties) = preSolution
		HideSolutionNode = FALSE
	EndGlobalSection
	GlobalSection(ExtensibilityGlobals) = postSolution
		SolutionGuid = {597E3CE1-5FD3-4365-888A-56F060B7CF9D}
	EndGlobalSection
EndGlobal
